
Microsoft Visual Studio Solution File, Format Version 12.00
# Visual Studio Version 16
VisualStudioVersion = 16.0.29920.165
MinimumVisualStudioVersion = 10.0.40219.1
Project("{FAE04EC0-301F-11D3-BF4B-00C04F79EFBC}") = "StockMonitorUI", "GUI\StockMonitorUI.csproj", "{32D014C8-41A7-4A8D-9A5E-E4AC7E24E5F7}"
EndProject
Project("{FAE04EC0-301F-11D3-BF4B-00C04F79EFBC}") = "UnitTestProject", "UnitTestProject\UnitTestProject.csproj", "{BEBAC757-5421-4AE8-A150-DAF00B635596}"
EndProject
Global
	GlobalSection(SolutionConfigurationPlatforms) = preSolution
		Debug|Any CPU = Debug|Any CPU
		Release|Any CPU = Release|Any CPU
	EndGlobalSection
	GlobalSection(ProjectConfigurationPlatforms) = postSolution
		{32D014C8-41A7-4A8D-9A5E-E4AC7E24E5F7}.Debug|Any CPU.ActiveCfg = Debug|Any CPU
		{32D014C8-41A7-4A8D-9A5E-E4AC7E24E5F7}.Debug|Any CPU.Build.0 = Debug|Any CPU
		{32D014C8-41A7-4A8D-9A5E-E4AC7E24E5F7}.Release|Any CPU.ActiveCfg = Release|Any CPU
		{32D014C8-41A7-4A8D-9A5E-E4AC7E24E5F7}.Release|Any CPU.Build.0 = Release|Any CPU
		{BEBAC757-5421-4AE8-A150-DAF00B635596}.Debug|Any CPU.ActiveCfg = Debug|Any CPU
		{BEBAC757-5421-4AE8-A150-DAF00B635596}.Debug|Any CPU.Build.0 = Debug|Any CPU
		{BEBAC757-5421-4AE8-A150-DAF00B635596}.Release|Any CPU.ActiveCfg = Release|Any CPU
		{BEBAC757-5421-4AE8-A150-DAF00B635596}.Release|Any CPU.Build.0 = Release|Any CPU
	EndGlobalSection
	GlobalSection(SolutionProperties) = preSolution
		HideSolutionNode = FALSE
	EndGlobalSection
	GlobalSection(ExtensibilityGlobals) = postSolution
		SolutionGuid = {6296EF39-0887-4E5F-B21E-8039F06EA106}
	EndGlobalSection
EndGlobal
