
Microsoft Visual Studio Solution File, Format Version 12.00
# Visual Studio Version 16
VisualStudioVersion = 16.0.29920.165
MinimumVisualStudioVersion = 10.0.40219.1
Project("{FAE04EC0-301F-11D3-BF4B-00C04F79EFBC}") = "StockMonitorConsole", "StockMonitor\StockMonitorConsole.csproj", "{F197A330-8A06-4D22-AF98-6A42D9E29C2B}"
EndProject
Project("{FAE04EC0-301F-11D3-BF4B-00C04F79EFBC}") = "FirstWindowTest", "FirstWindowTest\FirstWindowTest.csproj", "{0D4EDC0B-4E1E-48A4-95FA-F6630C157B06}"
EndProject
Project("{FAE04EC0-301F-11D3-BF4B-00C04F79EFBC}") = "StockMonitorUI", "GUI\StockMonitorUI.csproj", "{32D014C8-41A7-4A8D-9A5E-E4AC7E24E5F7}"
EndProject
Project("{FAE04EC0-301F-11D3-BF4B-00C04F79EFBC}") = "TestUIMain", "TestUIMain\TestUIMain.csproj", "{876EBC51-9CE2-42A7-BDC9-E94C1C2DC39A}"
EndProject
Global
	GlobalSection(SolutionConfigurationPlatforms) = preSolution
		Debug|Any CPU = Debug|Any CPU
		Release|Any CPU = Release|Any CPU
	EndGlobalSection
	GlobalSection(ProjectConfigurationPlatforms) = postSolution
		{F197A330-8A06-4D22-AF98-6A42D9E29C2B}.Debug|Any CPU.ActiveCfg = Debug|Any CPU
		{F197A330-8A06-4D22-AF98-6A42D9E29C2B}.Debug|Any CPU.Build.0 = Debug|Any CPU
		{F197A330-8A06-4D22-AF98-6A42D9E29C2B}.Release|Any CPU.ActiveCfg = Release|Any CPU
		{F197A330-8A06-4D22-AF98-6A42D9E29C2B}.Release|Any CPU.Build.0 = Release|Any CPU
		{0D4EDC0B-4E1E-48A4-95FA-F6630C157B06}.Debug|Any CPU.ActiveCfg = Debug|Any CPU
		{0D4EDC0B-4E1E-48A4-95FA-F6630C157B06}.Debug|Any CPU.Build.0 = Debug|Any CPU
		{0D4EDC0B-4E1E-48A4-95FA-F6630C157B06}.Release|Any CPU.ActiveCfg = Release|Any CPU
		{0D4EDC0B-4E1E-48A4-95FA-F6630C157B06}.Release|Any CPU.Build.0 = Release|Any CPU
		{32D014C8-41A7-4A8D-9A5E-E4AC7E24E5F7}.Debug|Any CPU.ActiveCfg = Debug|Any CPU
		{32D014C8-41A7-4A8D-9A5E-E4AC7E24E5F7}.Debug|Any CPU.Build.0 = Debug|Any CPU
		{32D014C8-41A7-4A8D-9A5E-E4AC7E24E5F7}.Release|Any CPU.ActiveCfg = Release|Any CPU
		{32D014C8-41A7-4A8D-9A5E-E4AC7E24E5F7}.Release|Any CPU.Build.0 = Release|Any CPU
		{876EBC51-9CE2-42A7-BDC9-E94C1C2DC39A}.Debug|Any CPU.ActiveCfg = Debug|Any CPU
		{876EBC51-9CE2-42A7-BDC9-E94C1C2DC39A}.Debug|Any CPU.Build.0 = Debug|Any CPU
		{876EBC51-9CE2-42A7-BDC9-E94C1C2DC39A}.Release|Any CPU.ActiveCfg = Release|Any CPU
		{876EBC51-9CE2-42A7-BDC9-E94C1C2DC39A}.Release|Any CPU.Build.0 = Release|Any CPU
	EndGlobalSection
	GlobalSection(SolutionProperties) = preSolution
		HideSolutionNode = FALSE
	EndGlobalSection
	GlobalSection(ExtensibilityGlobals) = postSolution
		SolutionGuid = {6296EF39-0887-4E5F-B21E-8039F06EA106}
	EndGlobalSection
EndGlobal
