
Microsoft Visual Studio Solution File, Format Version 12.00
# Visual Studio Version 16
VisualStudioVersion = 16.0.29920.165
MinimumVisualStudioVersion = 10.0.40219.1
Project("{FAE04EC0-301F-11D3-BF4B-00C04F79EFBC}") = "20200326TestFinnAPI", "20200326TestFinnAPI\20200326TestFinnAPI.csproj", "{D2D165CD-0097-48AF-9A13-D1AAE7CBF8D1}"
EndProject
Global
	GlobalSection(SolutionConfigurationPlatforms) = preSolution
		Debug|Any CPU = Debug|Any CPU
		Release|Any CPU = Release|Any CPU
	EndGlobalSection
	GlobalSection(ProjectConfigurationPlatforms) = postSolution
		{D2D165CD-0097-48AF-9A13-D1AAE7CBF8D1}.Debug|Any CPU.ActiveCfg = Debug|Any CPU
		{D2D165CD-0097-48AF-9A13-D1AAE7CBF8D1}.Debug|Any CPU.Build.0 = Debug|Any CPU
		{D2D165CD-0097-48AF-9A13-D1AAE7CBF8D1}.Release|Any CPU.ActiveCfg = Release|Any CPU
		{D2D165CD-0097-48AF-9A13-D1AAE7CBF8D1}.Release|Any CPU.Build.0 = Release|Any CPU
	EndGlobalSection
	GlobalSection(SolutionProperties) = preSolution
		HideSolutionNode = FALSE
	EndGlobalSection
	GlobalSection(ExtensibilityGlobals) = postSolution
		SolutionGuid = {814E4875-20FB-448A-9354-E089E531ED28}
	EndGlobalSection
EndGlobal
