
Microsoft Visual Studio Solution File, Format Version 12.00
# Visual Studio Version 16
VisualStudioVersion = 16.0.29920.165
MinimumVisualStudioVersion = 10.0.40219.1
Project("{FAE04EC0-301F-11D3-BF4B-00C04F79EFBC}") = "StockMonitor", "StockMonitor\StockMonitor.csproj", "{F197A330-8A06-4D22-AF98-6A42D9E29C2B}"
EndProject
Global
	GlobalSection(SolutionConfigurationPlatforms) = preSolution
		Debug|Any CPU = Debug|Any CPU
		Release|Any CPU = Release|Any CPU
	EndGlobalSection
	GlobalSection(ProjectConfigurationPlatforms) = postSolution
		{F197A330-8A06-4D22-AF98-6A42D9E29C2B}.Debug|Any CPU.ActiveCfg = Debug|Any CPU
		{F197A330-8A06-4D22-AF98-6A42D9E29C2B}.Debug|Any CPU.Build.0 = Debug|Any CPU
		{F197A330-8A06-4D22-AF98-6A42D9E29C2B}.Release|Any CPU.ActiveCfg = Release|Any CPU
		{F197A330-8A06-4D22-AF98-6A42D9E29C2B}.Release|Any CPU.Build.0 = Release|Any CPU
	EndGlobalSection
	GlobalSection(SolutionProperties) = preSolution
		HideSolutionNode = FALSE
	EndGlobalSection
	GlobalSection(ExtensibilityGlobals) = postSolution
		SolutionGuid = {6296EF39-0887-4E5F-B21E-8039F06EA106}
	EndGlobalSection
EndGlobal
